{
  "name": "Website-SocialAgency-",
  "version": "1.0.0",
  "lockfileVersion": 1,
  "requires": true,
  "dependencies": {
    "prettier-plugin-tailwindcss": {
      "version": "0.6.8",
      "resolved": "https://registry.npmjs.org/prettier-plugin-tailwindcss/-/prettier-plugin-tailwindcss-0.6.8.tgz",
      "integrity": "sha512-dGu3kdm7SXPkiW4nzeWKCl3uoImdd5CTZEJGxyypEPL37Wj0HT2pLqjrvSei1nTeuQfO4PUfjeW5cTUNRLZ4sA==",
      "dev": true
    }
  }
}
